// !$*UTF8*$!
{
	archiveVersion = 1;
	classes = {
	};
	objectVersion = 51;
	objects = {

/* Begin PBXBuildFile section */
		5190E1D394C5810A7421113A /* Pods_Marvel_iOSApp_Marvel_iOSAppUITests.framework in Frameworks */ = {isa = PBXBuildFile; fileRef = 864D22B4A864761B2AF96F1A /* Pods_Marvel_iOSApp_Marvel_iOSAppUITests.framework */; };
		562EA3AA84A4EBD741BD0BE4 /* Pods_Marvel_iOSApp.framework in Frameworks */ = {isa = PBXBuildFile; fileRef = 15498D5678338C73F120A6C4 /* Pods_Marvel_iOSApp.framework */; };
		64505ACCB12D7D6A8A7C598A /* Pods_Marvel_iOSAppTests.framework in Frameworks */ = {isa = PBXBuildFile; fileRef = F143C0BD6920551FA630EB57 /* Pods_Marvel_iOSAppTests.framework */; };
		D93841E62B2A37E0002370AD /* AppDelegate.swift in Sources */ = {isa = PBXBuildFile; fileRef = D93841E52B2A37E0002370AD /* AppDelegate.swift */; };
		D93841E82B2A37E0002370AD /* SceneDelegate.swift in Sources */ = {isa = PBXBuildFile; fileRef = D93841E72B2A37E0002370AD /* SceneDelegate.swift */; };
		D93841EA2B2A37E0002370AD /* DashboardViewController.swift in Sources */ = {isa = PBXBuildFile; fileRef = D93841E92B2A37E0002370AD /* DashboardViewController.swift */; };
		D93841EF2B2A37E2002370AD /* Assets.xcassets in Resources */ = {isa = PBXBuildFile; fileRef = D93841EE2B2A37E2002370AD /* Assets.xcassets */; };
		D93841F22B2A37E2002370AD /* LaunchScreen.storyboard in Resources */ = {isa = PBXBuildFile; fileRef = D93841F02B2A37E2002370AD /* LaunchScreen.storyboard */; };
		D93841FD2B2A37E3002370AD /* Marvel_iOSAppTests.swift in Sources */ = {isa = PBXBuildFile; fileRef = D93841FC2B2A37E3002370AD /* Marvel_iOSAppTests.swift */; };
		D93842082B2A37E3002370AD /* Marvel_iOSAppUITests.swift in Sources */ = {isa = PBXBuildFile; fileRef = D93842072B2A37E3002370AD /* Marvel_iOSAppUITests.swift */; };
		D949C26B2B2B75F000939E64 /* FavoriteScreenViewController.swift in Sources */ = {isa = PBXBuildFile; fileRef = D949C26A2B2B75F000939E64 /* FavoriteScreenViewController.swift */; };
		D949C2732B2B75FA00939E64 /* FavoriteScreen.storyboard in Resources */ = {isa = PBXBuildFile; fileRef = D949C2722B2B75FA00939E64 /* FavoriteScreen.storyboard */; };
		D949C2792B2B78FE00939E64 /* TabBarController.swift in Sources */ = {isa = PBXBuildFile; fileRef = D949C2782B2B78FE00939E64 /* TabBarController.swift */; };
		D967BFB02B2A3F2F0087FFE9 /* Dashboard.storyboard in Resources */ = {isa = PBXBuildFile; fileRef = D967BFAF2B2A3F2F0087FFE9 /* Dashboard.storyboard */; };
		D967BFBE2B2A42020087FFE9 /* Color.xcassets in Resources */ = {isa = PBXBuildFile; fileRef = D967BFBD2B2A42020087FFE9 /* Color.xcassets */; };
		D967BFC72B2A42600087FFE9 /* APIRequest.swift in Sources */ = {isa = PBXBuildFile; fileRef = D967BFC62B2A42600087FFE9 /* APIRequest.swift */; };
		D97EEBDE2B320338002E0D4D /* Hero.swift in Sources */ = {isa = PBXBuildFile; fileRef = D97EEBDD2B320338002E0D4D /* Hero.swift */; };
		D98819DA2B2B9289000DE971 /* CollectionViewCellHeroCell.swift in Sources */ = {isa = PBXBuildFile; fileRef = D98819D82B2B9289000DE971 /* CollectionViewCellHeroCell.swift */; };
		D98819DB2B2B9289000DE971 /* CollectionViewCellHeroCell.xib in Resources */ = {isa = PBXBuildFile; fileRef = D98819D92B2B9289000DE971 /* CollectionViewCellHeroCell.xib */; };
		D98819E32B2B955B000DE971 /* Data.swift in Sources */ = {isa = PBXBuildFile; fileRef = D98819E22B2B955B000DE971 /* Data.swift */; };
/* End PBXBuildFile section */

/* Begin PBXContainerItemProxy section */
		D93841F92B2A37E3002370AD /* PBXContainerItemProxy */ = {
			isa = PBXContainerItemProxy;
			containerPortal = D93841DA2B2A37E0002370AD /* Project object */;
			proxyType = 1;
			remoteGlobalIDString = D93841E12B2A37E0002370AD;
			remoteInfo = "Marvel-iOSApp";
		};
		D93842042B2A37E3002370AD /* PBXContainerItemProxy */ = {
			isa = PBXContainerItemProxy;
			containerPortal = D93841DA2B2A37E0002370AD /* Project object */;
			proxyType = 1;
			remoteGlobalIDString = D93841E12B2A37E0002370AD;
			remoteInfo = "Marvel-iOSApp";
		};
/* End PBXContainerItemProxy section */

/* Begin PBXFileReference section */
		15498D5678338C73F120A6C4 /* Pods_Marvel_iOSApp.framework */ = {isa = PBXFileReference; explicitFileType = wrapper.framework; includeInIndex = 0; path = Pods_Marvel_iOSApp.framework; sourceTree = BUILT_PRODUCTS_DIR; };
		164EAAE4737BB483907B0D62 /* Pods-Marvel-iOSAppTests.debug.xcconfig */ = {isa = PBXFileReference; includeInIndex = 1; lastKnownFileType = text.xcconfig; name = "Pods-Marvel-iOSAppTests.debug.xcconfig"; path = "Target Support Files/Pods-Marvel-iOSAppTests/Pods-Marvel-iOSAppTests.debug.xcconfig"; sourceTree = "<group>"; };
		30C6004B18F9BCBD31950632 /* Pods-Marvel-iOSApp.debug.xcconfig */ = {isa = PBXFileReference; includeInIndex = 1; lastKnownFileType = text.xcconfig; name = "Pods-Marvel-iOSApp.debug.xcconfig"; path = "Target Support Files/Pods-Marvel-iOSApp/Pods-Marvel-iOSApp.debug.xcconfig"; sourceTree = "<group>"; };
		3FE5F47A843E651E1F182CC4 /* Pods-Marvel-iOSApp-Marvel-iOSAppUITests.debug.xcconfig */ = {isa = PBXFileReference; includeInIndex = 1; lastKnownFileType = text.xcconfig; name = "Pods-Marvel-iOSApp-Marvel-iOSAppUITests.debug.xcconfig"; path = "Target Support Files/Pods-Marvel-iOSApp-Marvel-iOSAppUITests/Pods-Marvel-iOSApp-Marvel-iOSAppUITests.debug.xcconfig"; sourceTree = "<group>"; };
		864D22B4A864761B2AF96F1A /* Pods_Marvel_iOSApp_Marvel_iOSAppUITests.framework */ = {isa = PBXFileReference; explicitFileType = wrapper.framework; includeInIndex = 0; path = Pods_Marvel_iOSApp_Marvel_iOSAppUITests.framework; sourceTree = BUILT_PRODUCTS_DIR; };
		924BAF8837B1D3A5E0FD3F5B /* Pods-Marvel-iOSApp.release.xcconfig */ = {isa = PBXFileReference; includeInIndex = 1; lastKnownFileType = text.xcconfig; name = "Pods-Marvel-iOSApp.release.xcconfig"; path = "Target Support Files/Pods-Marvel-iOSApp/Pods-Marvel-iOSApp.release.xcconfig"; sourceTree = "<group>"; };
		AFB2E309F0484BA14BBEC017 /* Pods-Marvel-iOSApp-Marvel-iOSAppUITests.release.xcconfig */ = {isa = PBXFileReference; includeInIndex = 1; lastKnownFileType = text.xcconfig; name = "Pods-Marvel-iOSApp-Marvel-iOSAppUITests.release.xcconfig"; path = "Target Support Files/Pods-Marvel-iOSApp-Marvel-iOSAppUITests/Pods-Marvel-iOSApp-Marvel-iOSAppUITests.release.xcconfig"; sourceTree = "<group>"; };
		C4AD68A96868EB95C4DEAD8D /* Pods-Marvel-iOSAppTests.release.xcconfig */ = {isa = PBXFileReference; includeInIndex = 1; lastKnownFileType = text.xcconfig; name = "Pods-Marvel-iOSAppTests.release.xcconfig"; path = "Target Support Files/Pods-Marvel-iOSAppTests/Pods-Marvel-iOSAppTests.release.xcconfig"; sourceTree = "<group>"; };
		D93841E22B2A37E0002370AD /* Marvel-iOSApp.app */ = {isa = PBXFileReference; explicitFileType = wrapper.application; includeInIndex = 0; path = "Marvel-iOSApp.app"; sourceTree = BUILT_PRODUCTS_DIR; };
		D93841E52B2A37E0002370AD /* AppDelegate.swift */ = {isa = PBXFileReference; lastKnownFileType = sourcecode.swift; path = AppDelegate.swift; sourceTree = "<group>"; };
		D93841E72B2A37E0002370AD /* SceneDelegate.swift */ = {isa = PBXFileReference; lastKnownFileType = sourcecode.swift; path = SceneDelegate.swift; sourceTree = "<group>"; };
		D93841E92B2A37E0002370AD /* DashboardViewController.swift */ = {isa = PBXFileReference; lastKnownFileType = sourcecode.swift; path = DashboardViewController.swift; sourceTree = "<group>"; };
		D93841EE2B2A37E2002370AD /* Assets.xcassets */ = {isa = PBXFileReference; lastKnownFileType = folder.assetcatalog; path = Assets.xcassets; sourceTree = "<group>"; };
		D93841F12B2A37E2002370AD /* Base */ = {isa = PBXFileReference; lastKnownFileType = file.storyboard; name = Base; path = Base.lproj/LaunchScreen.storyboard; sourceTree = "<group>"; };
		D93841F32B2A37E2002370AD /* Info.plist */ = {isa = PBXFileReference; lastKnownFileType = text.plist.xml; path = Info.plist; sourceTree = "<group>"; };
		D93841F82B2A37E3002370AD /* Marvel-iOSAppTests.xctest */ = {isa = PBXFileReference; explicitFileType = wrapper.cfbundle; includeInIndex = 0; path = "Marvel-iOSAppTests.xctest"; sourceTree = BUILT_PRODUCTS_DIR; };
		D93841FC2B2A37E3002370AD /* Marvel_iOSAppTests.swift */ = {isa = PBXFileReference; lastKnownFileType = sourcecode.swift; path = Marvel_iOSAppTests.swift; sourceTree = "<group>"; };
		D93841FE2B2A37E3002370AD /* Info.plist */ = {isa = PBXFileReference; lastKnownFileType = text.plist.xml; path = Info.plist; sourceTree = "<group>"; };
		D93842032B2A37E3002370AD /* Marvel-iOSAppUITests.xctest */ = {isa = PBXFileReference; explicitFileType = wrapper.cfbundle; includeInIndex = 0; path = "Marvel-iOSAppUITests.xctest"; sourceTree = BUILT_PRODUCTS_DIR; };
		D93842072B2A37E3002370AD /* Marvel_iOSAppUITests.swift */ = {isa = PBXFileReference; lastKnownFileType = sourcecode.swift; path = Marvel_iOSAppUITests.swift; sourceTree = "<group>"; };
		D93842092B2A37E3002370AD /* Info.plist */ = {isa = PBXFileReference; lastKnownFileType = text.plist.xml; path = Info.plist; sourceTree = "<group>"; };
		D949C26A2B2B75F000939E64 /* FavoriteScreenViewController.swift */ = {isa = PBXFileReference; lastKnownFileType = sourcecode.swift; path = FavoriteScreenViewController.swift; sourceTree = "<group>"; };
		D949C2722B2B75FA00939E64 /* FavoriteScreen.storyboard */ = {isa = PBXFileReference; lastKnownFileType = file.storyboard; path = FavoriteScreen.storyboard; sourceTree = "<group>"; };
		D949C2782B2B78FE00939E64 /* TabBarController.swift */ = {isa = PBXFileReference; lastKnownFileType = sourcecode.swift; path = TabBarController.swift; sourceTree = "<group>"; };
		D967BFAF2B2A3F2F0087FFE9 /* Dashboard.storyboard */ = {isa = PBXFileReference; lastKnownFileType = file.storyboard; path = Dashboard.storyboard; sourceTree = "<group>"; };
		D967BFBD2B2A42020087FFE9 /* Color.xcassets */ = {isa = PBXFileReference; lastKnownFileType = folder.assetcatalog; path = Color.xcassets; sourceTree = "<group>"; };
		D967BFC62B2A42600087FFE9 /* APIRequest.swift */ = {isa = PBXFileReference; lastKnownFileType = sourcecode.swift; path = APIRequest.swift; sourceTree = "<group>"; };
		D97EEBDD2B320338002E0D4D /* Hero.swift */ = {isa = PBXFileReference; lastKnownFileType = sourcecode.swift; path = Hero.swift; sourceTree = "<group>"; };
		D98819D82B2B9289000DE971 /* CollectionViewCellHeroCell.swift */ = {isa = PBXFileReference; lastKnownFileType = sourcecode.swift; path = CollectionViewCellHeroCell.swift; sourceTree = "<group>"; };
		D98819D92B2B9289000DE971 /* CollectionViewCellHeroCell.xib */ = {isa = PBXFileReference; lastKnownFileType = file.xib; path = CollectionViewCellHeroCell.xib; sourceTree = "<group>"; };
		D98819E22B2B955B000DE971 /* Data.swift */ = {isa = PBXFileReference; lastKnownFileType = sourcecode.swift; path = Data.swift; sourceTree = "<group>"; };
		F143C0BD6920551FA630EB57 /* Pods_Marvel_iOSAppTests.framework */ = {isa = PBXFileReference; explicitFileType = wrapper.framework; includeInIndex = 0; path = Pods_Marvel_iOSAppTests.framework; sourceTree = BUILT_PRODUCTS_DIR; };
/* End PBXFileReference section */

/* Begin PBXFrameworksBuildPhase section */
		D93841DF2B2A37E0002370AD /* Frameworks */ = {
			isa = PBXFrameworksBuildPhase;
			buildActionMask = 2147483647;
			files = (
				562EA3AA84A4EBD741BD0BE4 /* Pods_Marvel_iOSApp.framework in Frameworks */,
			);
			runOnlyForDeploymentPostprocessing = 0;
		};
		D93841F52B2A37E3002370AD /* Frameworks */ = {
			isa = PBXFrameworksBuildPhase;
			buildActionMask = 2147483647;
			files = (
				64505ACCB12D7D6A8A7C598A /* Pods_Marvel_iOSAppTests.framework in Frameworks */,
			);
			runOnlyForDeploymentPostprocessing = 0;
		};
		D93842002B2A37E3002370AD /* Frameworks */ = {
			isa = PBXFrameworksBuildPhase;
			buildActionMask = 2147483647;
			files = (
				5190E1D394C5810A7421113A /* Pods_Marvel_iOSApp_Marvel_iOSAppUITests.framework in Frameworks */,
			);
			runOnlyForDeploymentPostprocessing = 0;
		};
/* End PBXFrameworksBuildPhase section */

/* Begin PBXGroup section */
		332A3D7CD3C548CC30526724 /* Pods */ = {
			isa = PBXGroup;
			children = (
				30C6004B18F9BCBD31950632 /* Pods-Marvel-iOSApp.debug.xcconfig */,
				924BAF8837B1D3A5E0FD3F5B /* Pods-Marvel-iOSApp.release.xcconfig */,
				3FE5F47A843E651E1F182CC4 /* Pods-Marvel-iOSApp-Marvel-iOSAppUITests.debug.xcconfig */,
				AFB2E309F0484BA14BBEC017 /* Pods-Marvel-iOSApp-Marvel-iOSAppUITests.release.xcconfig */,
				164EAAE4737BB483907B0D62 /* Pods-Marvel-iOSAppTests.debug.xcconfig */,
				C4AD68A96868EB95C4DEAD8D /* Pods-Marvel-iOSAppTests.release.xcconfig */,
			);
			path = Pods;
			sourceTree = "<group>";
		};
		7B22FE8397C895CEF176B6AB /* Frameworks */ = {
			isa = PBXGroup;
			children = (
				15498D5678338C73F120A6C4 /* Pods_Marvel_iOSApp.framework */,
				864D22B4A864761B2AF96F1A /* Pods_Marvel_iOSApp_Marvel_iOSAppUITests.framework */,
				F143C0BD6920551FA630EB57 /* Pods_Marvel_iOSAppTests.framework */,
			);
			name = Frameworks;
			sourceTree = "<group>";
		};
		D93841D92B2A37E0002370AD = {
			isa = PBXGroup;
			children = (
				D93841E42B2A37E0002370AD /* Marvel-iOSApp */,
				D93841FB2B2A37E3002370AD /* Marvel-iOSAppTests */,
				D93842062B2A37E3002370AD /* Marvel-iOSAppUITests */,
				D93841E32B2A37E0002370AD /* Products */,
				332A3D7CD3C548CC30526724 /* Pods */,
				7B22FE8397C895CEF176B6AB /* Frameworks */,
			);
			sourceTree = "<group>";
		};
		D93841E32B2A37E0002370AD /* Products */ = {
			isa = PBXGroup;
			children = (
				D93841E22B2A37E0002370AD /* Marvel-iOSApp.app */,
				D93841F82B2A37E3002370AD /* Marvel-iOSAppTests.xctest */,
				D93842032B2A37E3002370AD /* Marvel-iOSAppUITests.xctest */,
			);
			name = Products;
			sourceTree = "<group>";
		};
		D93841E42B2A37E0002370AD /* Marvel-iOSApp */ = {
			isa = PBXGroup;
			children = (
				D967BFA62B2A3DF90087FFE9 /* Delegate */,
				D967BFBA2B2A41CD0087FFE9 /* Model */,
				D967BFAD2B2A3F0C0087FFE9 /* Modules */,
				D967BFBB2B2A41E50087FFE9 /* Utils */,
				D93841F02B2A37E2002370AD /* LaunchScreen.storyboard */,
				D93841F32B2A37E2002370AD /* Info.plist */,
			);
			path = "Marvel-iOSApp";
			sourceTree = "<group>";
		};
		D93841FB2B2A37E3002370AD /* Marvel-iOSAppTests */ = {
			isa = PBXGroup;
			children = (
				D93841FC2B2A37E3002370AD /* Marvel_iOSAppTests.swift */,
				D93841FE2B2A37E3002370AD /* Info.plist */,
			);
			path = "Marvel-iOSAppTests";
			sourceTree = "<group>";
		};
		D93842062B2A37E3002370AD /* Marvel-iOSAppUITests */ = {
			isa = PBXGroup;
			children = (
				D93842072B2A37E3002370AD /* Marvel_iOSAppUITests.swift */,
				D93842092B2A37E3002370AD /* Info.plist */,
			);
			path = "Marvel-iOSAppUITests";
			sourceTree = "<group>";
		};
		D949C2692B2B75CB00939E64 /* FavoriteScreen */ = {
			isa = PBXGroup;
			children = (
				D949C26A2B2B75F000939E64 /* FavoriteScreenViewController.swift */,
				D949C2722B2B75FA00939E64 /* FavoriteScreen.storyboard */,
			);
			path = FavoriteScreen;
			sourceTree = "<group>";
		};
		D949C2772B2B78E600939E64 /* UITabBarController */ = {
			isa = PBXGroup;
			children = (
				D949C2782B2B78FE00939E64 /* TabBarController.swift */,
			);
			path = UITabBarController;
			sourceTree = "<group>";
		};
		D967BFA62B2A3DF90087FFE9 /* Delegate */ = {
			isa = PBXGroup;
			children = (
				D93841E52B2A37E0002370AD /* AppDelegate.swift */,
				D93841E72B2A37E0002370AD /* SceneDelegate.swift */,
			);
			path = Delegate;
			sourceTree = "<group>";
		};
		D967BFAD2B2A3F0C0087FFE9 /* Modules */ = {
			isa = PBXGroup;
			children = (
				D949C2772B2B78E600939E64 /* UITabBarController */,
				D949C2692B2B75CB00939E64 /* FavoriteScreen */,
				D967BFAE2B2A3F130087FFE9 /* Dashboard */,
			);
			path = Modules;
			sourceTree = "<group>";
		};
		D967BFAE2B2A3F130087FFE9 /* Dashboard */ = {
			isa = PBXGroup;
			children = (
				D93841E92B2A37E0002370AD /* DashboardViewController.swift */,
				D967BFAF2B2A3F2F0087FFE9 /* Dashboard.storyboard */,
			);
			path = Dashboard;
			sourceTree = "<group>";
		};
		D967BFBA2B2A41CD0087FFE9 /* Model */ = {
			isa = PBXGroup;
			children = (
				D98819E22B2B955B000DE971 /* Data.swift */,
				D97EEBDD2B320338002E0D4D /* Hero.swift */,
			);
			path = Model;
			sourceTree = "<group>";
		};
		D967BFBB2B2A41E50087FFE9 /* Utils */ = {
			isa = PBXGroup;
			children = (
				D967BFBC2B2A41ED0087FFE9 /* Extension */,
				D93841EE2B2A37E2002370AD /* Assets.xcassets */,
				D967BFBD2B2A42020087FFE9 /* Color.xcassets */,
			);
			path = Utils;
			sourceTree = "<group>";
		};
		D967BFBC2B2A41ED0087FFE9 /* Extension */ = {
			isa = PBXGroup;
			children = (
				D98819D62B2B9228000DE971 /* UICollectionViewCell */,
				D967BFC52B2A424D0087FFE9 /* API */,
			);
			path = Extension;
			sourceTree = "<group>";
		};
		D967BFC52B2A424D0087FFE9 /* API */ = {
			isa = PBXGroup;
			children = (
				D967BFC62B2A42600087FFE9 /* APIRequest.swift */,
			);
			path = API;
			sourceTree = "<group>";
		};
		D98819D62B2B9228000DE971 /* UICollectionViewCell */ = {
			isa = PBXGroup;
			children = (
				D98819D72B2B9257000DE971 /* HeroCell */,
			);
			path = UICollectionViewCell;
			sourceTree = "<group>";
		};
		D98819D72B2B9257000DE971 /* HeroCell */ = {
			isa = PBXGroup;
			children = (
				D98819D82B2B9289000DE971 /* CollectionViewCellHeroCell.swift */,
				D98819D92B2B9289000DE971 /* CollectionViewCellHeroCell.xib */,
			);
			path = HeroCell;
			sourceTree = "<group>";
		};
/* End PBXGroup section */

/* Begin PBXNativeTarget section */
		D93841E12B2A37E0002370AD /* Marvel-iOSApp */ = {
			isa = PBXNativeTarget;
			buildConfigurationList = D938420C2B2A37E3002370AD /* Build configuration list for PBXNativeTarget "Marvel-iOSApp" */;
			buildPhases = (
				22B6C602F12F4556E65A88F9 /* [CP] Check Pods Manifest.lock */,
				D93841DE2B2A37E0002370AD /* Sources */,
				D93841DF2B2A37E0002370AD /* Frameworks */,
				D93841E02B2A37E0002370AD /* Resources */,
				65B96EFF0A2BF0F8FB9B8F5B /* [CP] Embed Pods Frameworks */,
			);
			buildRules = (
			);
			dependencies = (
			);
			name = "Marvel-iOSApp";
			productName = "Marvel-iOSApp";
			productReference = D93841E22B2A37E0002370AD /* Marvel-iOSApp.app */;
			productType = "com.apple.product-type.application";
		};
		D93841F72B2A37E3002370AD /* Marvel-iOSAppTests */ = {
			isa = PBXNativeTarget;
			buildConfigurationList = D938420F2B2A37E3002370AD /* Build configuration list for PBXNativeTarget "Marvel-iOSAppTests" */;
			buildPhases = (
				C37F2C8BAC68E3EC739069B2 /* [CP] Check Pods Manifest.lock */,
				D93841F42B2A37E3002370AD /* Sources */,
				D93841F52B2A37E3002370AD /* Frameworks */,
				D93841F62B2A37E3002370AD /* Resources */,
			);
			buildRules = (
			);
			dependencies = (
				D93841FA2B2A37E3002370AD /* PBXTargetDependency */,
			);
			name = "Marvel-iOSAppTests";
			productName = "Marvel-iOSAppTests";
			productReference = D93841F82B2A37E3002370AD /* Marvel-iOSAppTests.xctest */;
			productType = "com.apple.product-type.bundle.unit-test";
		};
		D93842022B2A37E3002370AD /* Marvel-iOSAppUITests */ = {
			isa = PBXNativeTarget;
			buildConfigurationList = D93842122B2A37E3002370AD /* Build configuration list for PBXNativeTarget "Marvel-iOSAppUITests" */;
			buildPhases = (
				365AF9C8E913C8EFFF975D61 /* [CP] Check Pods Manifest.lock */,
				D93841FF2B2A37E3002370AD /* Sources */,
				D93842002B2A37E3002370AD /* Frameworks */,
				D93842012B2A37E3002370AD /* Resources */,
				6B029CF85AAD70143C214ADF /* [CP] Embed Pods Frameworks */,
			);
			buildRules = (
			);
			dependencies = (
				D93842052B2A37E3002370AD /* PBXTargetDependency */,
			);
			name = "Marvel-iOSAppUITests";
			productName = "Marvel-iOSAppUITests";
			productReference = D93842032B2A37E3002370AD /* Marvel-iOSAppUITests.xctest */;
			productType = "com.apple.product-type.bundle.ui-testing";
		};
/* End PBXNativeTarget section */

/* Begin PBXProject section */
		D93841DA2B2A37E0002370AD /* Project object */ = {
			isa = PBXProject;
			attributes = {
				LastSwiftUpdateCheck = 1240;
				LastUpgradeCheck = 1240;
				TargetAttributes = {
					D93841E12B2A37E0002370AD = {
						CreatedOnToolsVersion = 12.4;
					};
					D93841F72B2A37E3002370AD = {
						CreatedOnToolsVersion = 12.4;
						TestTargetID = D93841E12B2A37E0002370AD;
					};
					D93842022B2A37E3002370AD = {
						CreatedOnToolsVersion = 12.4;
						TestTargetID = D93841E12B2A37E0002370AD;
					};
				};
			};
			buildConfigurationList = D93841DD2B2A37E0002370AD /* Build configuration list for PBXProject "Marvel-iOSApp" */;
			compatibilityVersion = "Xcode 9.3";
			developmentRegion = en;
			hasScannedForEncodings = 0;
			knownRegions = (
				en,
				Base,
			);
			mainGroup = D93841D92B2A37E0002370AD;
			productRefGroup = D93841E32B2A37E0002370AD /* Products */;
			projectDirPath = "";
			projectRoot = "";
			targets = (
				D93841E12B2A37E0002370AD /* Marvel-iOSApp */,
				D93841F72B2A37E3002370AD /* Marvel-iOSAppTests */,
				D93842022B2A37E3002370AD /* Marvel-iOSAppUITests */,
			);
		};
/* End PBXProject section */

/* Begin PBXResourcesBuildPhase section */
		D93841E02B2A37E0002370AD /* Resources */ = {
			isa = PBXResourcesBuildPhase;
			buildActionMask = 2147483647;
			files = (
				D93841F22B2A37E2002370AD /* LaunchScreen.storyboard in Resources */,
				D967BFBE2B2A42020087FFE9 /* Color.xcassets in Resources */,
				D967BFB02B2A3F2F0087FFE9 /* Dashboard.storyboard in Resources */,
				D949C2732B2B75FA00939E64 /* FavoriteScreen.storyboard in Resources */,
				D98819DB2B2B9289000DE971 /* CollectionViewCellHeroCell.xib in Resources */,
				D93841EF2B2A37E2002370AD /* Assets.xcassets in Resources */,
			);
			runOnlyForDeploymentPostprocessing = 0;
		};
		D93841F62B2A37E3002370AD /* Resources */ = {
			isa = PBXResourcesBuildPhase;
			buildActionMask = 2147483647;
			files = (
			);
			runOnlyForDeploymentPostprocessing = 0;
		};
		D93842012B2A37E3002370AD /* Resources */ = {
			isa = PBXResourcesBuildPhase;
			buildActionMask = 2147483647;
			files = (
			);
			runOnlyForDeploymentPostprocessing = 0;
		};
/* End PBXResourcesBuildPhase section */

/* Begin PBXShellScriptBuildPhase section */
		22B6C602F12F4556E65A88F9 /* [CP] Check Pods Manifest.lock */ = {
			isa = PBXShellScriptBuildPhase;
			buildActionMask = 2147483647;
			files = (
			);
			inputFileListPaths = (
			);
			inputPaths = (
				"${PODS_PODFILE_DIR_PATH}/Podfile.lock",
				"${PODS_ROOT}/Manifest.lock",
			);
			name = "[CP] Check Pods Manifest.lock";
			outputFileListPaths = (
			);
			outputPaths = (
				"$(DERIVED_FILE_DIR)/Pods-Marvel-iOSApp-checkManifestLockResult.txt",
			);
			runOnlyForDeploymentPostprocessing = 0;
			shellPath = /bin/sh;
			shellScript = "diff \"${PODS_PODFILE_DIR_PATH}/Podfile.lock\" \"${PODS_ROOT}/Manifest.lock\" > /dev/null\nif [ $? != 0 ] ; then\n    # print error to STDERR\n    echo \"error: The sandbox is not in sync with the Podfile.lock. Run 'pod install' or update your CocoaPods installation.\" >&2\n    exit 1\nfi\n# This output is used by Xcode 'outputs' to avoid re-running this script phase.\necho \"SUCCESS\" > \"${SCRIPT_OUTPUT_FILE_0}\"\n";
			showEnvVarsInLog = 0;
		};
		365AF9C8E913C8EFFF975D61 /* [CP] Check Pods Manifest.lock */ = {
			isa = PBXShellScriptBuildPhase;
			buildActionMask = 2147483647;
			files = (
			);
			inputFileListPaths = (
			);
			inputPaths = (
				"${PODS_PODFILE_DIR_PATH}/Podfile.lock",
				"${PODS_ROOT}/Manifest.lock",
			);
			name = "[CP] Check Pods Manifest.lock";
			outputFileListPaths = (
			);
			outputPaths = (
				"$(DERIVED_FILE_DIR)/Pods-Marvel-iOSApp-Marvel-iOSAppUITests-checkManifestLockResult.txt",
			);
			runOnlyForDeploymentPostprocessing = 0;
			shellPath = /bin/sh;
			shellScript = "diff \"${PODS_PODFILE_DIR_PATH}/Podfile.lock\" \"${PODS_ROOT}/Manifest.lock\" > /dev/null\nif [ $? != 0 ] ; then\n    # print error to STDERR\n    echo \"error: The sandbox is not in sync with the Podfile.lock. Run 'pod install' or update your CocoaPods installation.\" >&2\n    exit 1\nfi\n# This output is used by Xcode 'outputs' to avoid re-running this script phase.\necho \"SUCCESS\" > \"${SCRIPT_OUTPUT_FILE_0}\"\n";
			showEnvVarsInLog = 0;
		};
		65B96EFF0A2BF0F8FB9B8F5B /* [CP] Embed Pods Frameworks */ = {
			isa = PBXShellScriptBuildPhase;
			buildActionMask = 2147483647;
			files = (
			);
			inputFileListPaths = (
				"${PODS_ROOT}/Target Support Files/Pods-Marvel-iOSApp/Pods-Marvel-iOSApp-frameworks-${CONFIGURATION}-input-files.xcfilelist",
			);
			name = "[CP] Embed Pods Frameworks";
			outputFileListPaths = (
				"${PODS_ROOT}/Target Support Files/Pods-Marvel-iOSApp/Pods-Marvel-iOSApp-frameworks-${CONFIGURATION}-output-files.xcfilelist",
			);
			runOnlyForDeploymentPostprocessing = 0;
			shellPath = /bin/sh;
			shellScript = "\"${PODS_ROOT}/Target Support Files/Pods-Marvel-iOSApp/Pods-Marvel-iOSApp-frameworks.sh\"\n";
			showEnvVarsInLog = 0;
		};
		6B029CF85AAD70143C214ADF /* [CP] Embed Pods Frameworks */ = {
			isa = PBXShellScriptBuildPhase;
			buildActionMask = 2147483647;
			files = (
			);
			inputFileListPaths = (
				"${PODS_ROOT}/Target Support Files/Pods-Marvel-iOSApp-Marvel-iOSAppUITests/Pods-Marvel-iOSApp-Marvel-iOSAppUITests-frameworks-${CONFIGURATION}-input-files.xcfilelist",
			);
			name = "[CP] Embed Pods Frameworks";
			outputFileListPaths = (
				"${PODS_ROOT}/Target Support Files/Pods-Marvel-iOSApp-Marvel-iOSAppUITests/Pods-Marvel-iOSApp-Marvel-iOSAppUITests-frameworks-${CONFIGURATION}-output-files.xcfilelist",
			);
			runOnlyForDeploymentPostprocessing = 0;
			shellPath = /bin/sh;
			shellScript = "\"${PODS_ROOT}/Target Support Files/Pods-Marvel-iOSApp-Marvel-iOSAppUITests/Pods-Marvel-iOSApp-Marvel-iOSAppUITests-frameworks.sh\"\n";
			showEnvVarsInLog = 0;
		};
		C37F2C8BAC68E3EC739069B2 /* [CP] Check Pods Manifest.lock */ = {
			isa = PBXShellScriptBuildPhase;
			buildActionMask = 2147483647;
			files = (
			);
			inputFileListPaths = (
			);
			inputPaths = (
				"${PODS_PODFILE_DIR_PATH}/Podfile.lock",
				"${PODS_ROOT}/Manifest.lock",
			);
			name = "[CP] Check Pods Manifest.lock";
			outputFileListPaths = (
			);
			outputPaths = (
				"$(DERIVED_FILE_DIR)/Pods-Marvel-iOSAppTests-checkManifestLockResult.txt",
			);
			runOnlyForDeploymentPostprocessing = 0;
			shellPath = /bin/sh;
			shellScript = "diff \"${PODS_PODFILE_DIR_PATH}/Podfile.lock\" \"${PODS_ROOT}/Manifest.lock\" > /dev/null\nif [ $? != 0 ] ; then\n    # print error to STDERR\n    echo \"error: The sandbox is not in sync with the Podfile.lock. Run 'pod install' or update your CocoaPods installation.\" >&2\n    exit 1\nfi\n# This output is used by Xcode 'outputs' to avoid re-running this script phase.\necho \"SUCCESS\" > \"${SCRIPT_OUTPUT_FILE_0}\"\n";
			showEnvVarsInLog = 0;
		};
/* End PBXShellScriptBuildPhase section */

/* Begin PBXSourcesBuildPhase section */
		D93841DE2B2A37E0002370AD /* Sources */ = {
			isa = PBXSourcesBuildPhase;
			buildActionMask = 2147483647;
			files = (
				D98819DA2B2B9289000DE971 /* CollectionViewCellHeroCell.swift in Sources */,
				D967BFC72B2A42600087FFE9 /* APIRequest.swift in Sources */,
				D97EEBDE2B320338002E0D4D /* Hero.swift in Sources */,
				D93841EA2B2A37E0002370AD /* DashboardViewController.swift in Sources */,
				D949C26B2B2B75F000939E64 /* FavoriteScreenViewController.swift in Sources */,
				D949C2792B2B78FE00939E64 /* TabBarController.swift in Sources */,
				D93841E62B2A37E0002370AD /* AppDelegate.swift in Sources */,
				D93841E82B2A37E0002370AD /* SceneDelegate.swift in Sources */,
				D98819E32B2B955B000DE971 /* Data.swift in Sources */,
			);
			runOnlyForDeploymentPostprocessing = 0;
		};
		D93841F42B2A37E3002370AD /* Sources */ = {
			isa = PBXSourcesBuildPhase;
			buildActionMask = 2147483647;
			files = (
				D93841FD2B2A37E3002370AD /* Marvel_iOSAppTests.swift in Sources */,
			);
			runOnlyForDeploymentPostprocessing = 0;
		};
		D93841FF2B2A37E3002370AD /* Sources */ = {
			isa = PBXSourcesBuildPhase;
			buildActionMask = 2147483647;
			files = (
				D93842082B2A37E3002370AD /* Marvel_iOSAppUITests.swift in Sources */,
			);
			runOnlyForDeploymentPostprocessing = 0;
		};
/* End PBXSourcesBuildPhase section */

/* Begin PBXTargetDependency section */
		D93841FA2B2A37E3002370AD /* PBXTargetDependency */ = {
			isa = PBXTargetDependency;
			target = D93841E12B2A37E0002370AD /* Marvel-iOSApp */;
			targetProxy = D93841F92B2A37E3002370AD /* PBXContainerItemProxy */;
		};
		D93842052B2A37E3002370AD /* PBXTargetDependency */ = {
			isa = PBXTargetDependency;
			target = D93841E12B2A37E0002370AD /* Marvel-iOSApp */;
			targetProxy = D93842042B2A37E3002370AD /* PBXContainerItemProxy */;
		};
/* End PBXTargetDependency section */

/* Begin PBXVariantGroup section */
		D93841F02B2A37E2002370AD /* LaunchScreen.storyboard */ = {
			isa = PBXVariantGroup;
			children = (
				D93841F12B2A37E2002370AD /* Base */,
			);
			name = LaunchScreen.storyboard;
			sourceTree = "<group>";
		};
/* End PBXVariantGroup section */

/* Begin XCBuildConfiguration section */
		D938420A2B2A37E3002370AD /* Debug */ = {
			isa = XCBuildConfiguration;
			buildSettings = {
				ALWAYS_SEARCH_USER_PATHS = NO;
				CLANG_ANALYZER_NONNULL = YES;
				CLANG_ANALYZER_NUMBER_OBJECT_CONVERSION = YES_AGGRESSIVE;
				CLANG_CXX_LANGUAGE_STANDARD = "gnu++14";
				CLANG_CXX_LIBRARY = "libc++";
				CLANG_ENABLE_MODULES = YES;
				CLANG_ENABLE_OBJC_ARC = YES;
				CLANG_ENABLE_OBJC_WEAK = YES;
				CLANG_WARN_BLOCK_CAPTURE_AUTORELEASING = YES;
				CLANG_WARN_BOOL_CONVERSION = YES;
				CLANG_WARN_COMMA = YES;
				CLANG_WARN_CONSTANT_CONVERSION = YES;
				CLANG_WARN_DEPRECATED_OBJC_IMPLEMENTATIONS = YES;
				CLANG_WARN_DIRECT_OBJC_ISA_USAGE = YES_ERROR;
				CLANG_WARN_DOCUMENTATION_COMMENTS = YES;
				CLANG_WARN_EMPTY_BODY = YES;
				CLANG_WARN_ENUM_CONVERSION = YES;
				CLANG_WARN_INFINITE_RECURSION = YES;
				CLANG_WARN_INT_CONVERSION = YES;
				CLANG_WARN_NON_LITERAL_NULL_CONVERSION = YES;
				CLANG_WARN_OBJC_IMPLICIT_RETAIN_SELF = YES;
				CLANG_WARN_OBJC_LITERAL_CONVERSION = YES;
				CLANG_WARN_OBJC_ROOT_CLASS = YES_ERROR;
				CLANG_WARN_QUOTED_INCLUDE_IN_FRAMEWORK_HEADER = YES;
				CLANG_WARN_RANGE_LOOP_ANALYSIS = YES;
				CLANG_WARN_STRICT_PROTOTYPES = YES;
				CLANG_WARN_SUSPICIOUS_MOVE = YES;
				CLANG_WARN_UNGUARDED_AVAILABILITY = YES_AGGRESSIVE;
				CLANG_WARN_UNREACHABLE_CODE = YES;
				CLANG_WARN__DUPLICATE_METHOD_MATCH = YES;
				COPY_PHASE_STRIP = NO;
				DEBUG_INFORMATION_FORMAT = dwarf;
				ENABLE_STRICT_OBJC_MSGSEND = YES;
				ENABLE_TESTABILITY = YES;
				GCC_C_LANGUAGE_STANDARD = gnu11;
				GCC_DYNAMIC_NO_PIC = NO;
				GCC_NO_COMMON_BLOCKS = YES;
				GCC_OPTIMIZATION_LEVEL = 0;
				GCC_PREPROCESSOR_DEFINITIONS = (
					"DEBUG=1",
					"$(inherited)",
				);
				GCC_WARN_64_TO_32_BIT_CONVERSION = YES;
				GCC_WARN_ABOUT_RETURN_TYPE = YES_ERROR;
				GCC_WARN_UNDECLARED_SELECTOR = YES;
				GCC_WARN_UNINITIALIZED_AUTOS = YES_AGGRESSIVE;
				GCC_WARN_UNUSED_FUNCTION = YES;
				GCC_WARN_UNUSED_VARIABLE = YES;
				IPHONEOS_DEPLOYMENT_TARGET = 14.4;
				MTL_ENABLE_DEBUG_INFO = INCLUDE_SOURCE;
				MTL_FAST_MATH = YES;
				ONLY_ACTIVE_ARCH = YES;
				SDKROOT = iphoneos;
				SWIFT_ACTIVE_COMPILATION_CONDITIONS = DEBUG;
				SWIFT_OPTIMIZATION_LEVEL = "-Onone";
				SWIFT_VERSION = 5.0;
			};
			name = Debug;
		};
		D938420B2B2A37E3002370AD /* Release */ = {
			isa = XCBuildConfiguration;
			buildSettings = {
				ALWAYS_SEARCH_USER_PATHS = NO;
				CLANG_ANALYZER_NONNULL = YES;
				CLANG_ANALYZER_NUMBER_OBJECT_CONVERSION = YES_AGGRESSIVE;
				CLANG_CXX_LANGUAGE_STANDARD = "gnu++14";
				CLANG_CXX_LIBRARY = "libc++";
				CLANG_ENABLE_MODULES = YES;
				CLANG_ENABLE_OBJC_ARC = YES;
				CLANG_ENABLE_OBJC_WEAK = YES;
				CLANG_WARN_BLOCK_CAPTURE_AUTORELEASING = YES;
				CLANG_WARN_BOOL_CONVERSION = YES;
				CLANG_WARN_COMMA = YES;
				CLANG_WARN_CONSTANT_CONVERSION = YES;
				CLANG_WARN_DEPRECATED_OBJC_IMPLEMENTATIONS = YES;
				CLANG_WARN_DIRECT_OBJC_ISA_USAGE = YES_ERROR;
				CLANG_WARN_DOCUMENTATION_COMMENTS = YES;
				CLANG_WARN_EMPTY_BODY = YES;
				CLANG_WARN_ENUM_CONVERSION = YES;
				CLANG_WARN_INFINITE_RECURSION = YES;
				CLANG_WARN_INT_CONVERSION = YES;
				CLANG_WARN_NON_LITERAL_NULL_CONVERSION = YES;
				CLANG_WARN_OBJC_IMPLICIT_RETAIN_SELF = YES;
				CLANG_WARN_OBJC_LITERAL_CONVERSION = YES;
				CLANG_WARN_OBJC_ROOT_CLASS = YES_ERROR;
				CLANG_WARN_QUOTED_INCLUDE_IN_FRAMEWORK_HEADER = YES;
				CLANG_WARN_RANGE_LOOP_ANALYSIS = YES;
				CLANG_WARN_STRICT_PROTOTYPES = YES;
				CLANG_WARN_SUSPICIOUS_MOVE = YES;
				CLANG_WARN_UNGUARDED_AVAILABILITY = YES_AGGRESSIVE;
				CLANG_WARN_UNREACHABLE_CODE = YES;
				CLANG_WARN__DUPLICATE_METHOD_MATCH = YES;
				COPY_PHASE_STRIP = NO;
				DEBUG_INFORMATION_FORMAT = "dwarf-with-dsym";
				ENABLE_NS_ASSERTIONS = NO;
				ENABLE_STRICT_OBJC_MSGSEND = YES;
				GCC_C_LANGUAGE_STANDARD = gnu11;
				GCC_NO_COMMON_BLOCKS = YES;
				GCC_WARN_64_TO_32_BIT_CONVERSION = YES;
				GCC_WARN_ABOUT_RETURN_TYPE = YES_ERROR;
				GCC_WARN_UNDECLARED_SELECTOR = YES;
				GCC_WARN_UNINITIALIZED_AUTOS = YES_AGGRESSIVE;
				GCC_WARN_UNUSED_FUNCTION = YES;
				GCC_WARN_UNUSED_VARIABLE = YES;
				IPHONEOS_DEPLOYMENT_TARGET = 14.4;
				MTL_ENABLE_DEBUG_INFO = NO;
				MTL_FAST_MATH = YES;
				SDKROOT = iphoneos;
				SWIFT_COMPILATION_MODE = wholemodule;
				SWIFT_OPTIMIZATION_LEVEL = "-O";
				SWIFT_VERSION = 5.0;
				VALIDATE_PRODUCT = YES;
			};
			name = Release;
		};
		D938420D2B2A37E3002370AD /* Debug */ = {
			isa = XCBuildConfiguration;
			baseConfigurationReference = 30C6004B18F9BCBD31950632 /* Pods-Marvel-iOSApp.debug.xcconfig */;
			buildSettings = {
				ASSETCATALOG_COMPILER_APPICON_NAME = AppIcon;
				ASSETCATALOG_COMPILER_GLOBAL_ACCENT_COLOR_NAME = AccentColor;
				CODE_SIGN_STYLE = Automatic;
				INFOPLIST_FILE = "Marvel-iOSApp/Info.plist";
				LD_RUNPATH_SEARCH_PATHS = (
					"$(inherited)",
					"@executable_path/Frameworks",
				);
				PRODUCT_BUNDLE_IDENTIFIER = "com.Marvel-iOSApp";
				PRODUCT_NAME = "$(TARGET_NAME)";
				SWIFT_VERSION = 5.0;
				TARGETED_DEVICE_FAMILY = "1,2";
			};
			name = Debug;
		};
		D938420E2B2A37E3002370AD /* Release */ = {
			isa = XCBuildConfiguration;
			baseConfigurationReference = 924BAF8837B1D3A5E0FD3F5B /* Pods-Marvel-iOSApp.release.xcconfig */;
			buildSettings = {
				ASSETCATALOG_COMPILER_APPICON_NAME = AppIcon;
				ASSETCATALOG_COMPILER_GLOBAL_ACCENT_COLOR_NAME = AccentColor;
				CODE_SIGN_STYLE = Automatic;
				INFOPLIST_FILE = "Marvel-iOSApp/Info.plist";
				LD_RUNPATH_SEARCH_PATHS = (
					"$(inherited)",
					"@executable_path/Frameworks",
				);
				PRODUCT_BUNDLE_IDENTIFIER = "com.Marvel-iOSApp";
				PRODUCT_NAME = "$(TARGET_NAME)";
				SWIFT_VERSION = 5.0;
				TARGETED_DEVICE_FAMILY = "1,2";
			};
			name = Release;
		};
		D93842102B2A37E3002370AD /* Debug */ = {
			isa = XCBuildConfiguration;
			baseConfigurationReference = 164EAAE4737BB483907B0D62 /* Pods-Marvel-iOSAppTests.debug.xcconfig */;
			buildSettings = {
				ALWAYS_EMBED_SWIFT_STANDARD_LIBRARIES = YES;
				BUNDLE_LOADER = "$(TEST_HOST)";
				CODE_SIGN_STYLE = Automatic;
				INFOPLIST_FILE = "Marvel-iOSAppTests/Info.plist";
				IPHONEOS_DEPLOYMENT_TARGET = 14.4;
				LD_RUNPATH_SEARCH_PATHS = (
					"$(inherited)",
					"@executable_path/Frameworks",
					"@loader_path/Frameworks",
				);
				PRODUCT_BUNDLE_IDENTIFIER = "com.Marvel-iOSAppTests";
				PRODUCT_NAME = "$(TARGET_NAME)";
				SWIFT_VERSION = 5.0;
				TARGETED_DEVICE_FAMILY = "1,2";
				TEST_HOST = "$(BUILT_PRODUCTS_DIR)/Marvel-iOSApp.app/Marvel-iOSApp";
			};
			name = Debug;
		};
		D93842112B2A37E3002370AD /* Release */ = {
			isa = XCBuildConfiguration;
			baseConfigurationReference = C4AD68A96868EB95C4DEAD8D /* Pods-Marvel-iOSAppTests.release.xcconfig */;
			buildSettings = {
				ALWAYS_EMBED_SWIFT_STANDARD_LIBRARIES = YES;
				BUNDLE_LOADER = "$(TEST_HOST)";
				CODE_SIGN_STYLE = Automatic;
				INFOPLIST_FILE = "Marvel-iOSAppTests/Info.plist";
				IPHONEOS_DEPLOYMENT_TARGET = 14.4;
				LD_RUNPATH_SEARCH_PATHS = (
					"$(inherited)",
					"@executable_path/Frameworks",
					"@loader_path/Frameworks",
				);
				PRODUCT_BUNDLE_IDENTIFIER = "com.Marvel-iOSAppTests";
				PRODUCT_NAME = "$(TARGET_NAME)";
				SWIFT_VERSION = 5.0;
				TARGETED_DEVICE_FAMILY = "1,2";
				TEST_HOST = "$(BUILT_PRODUCTS_DIR)/Marvel-iOSApp.app/Marvel-iOSApp";
			};
			name = Release;
		};
		D93842132B2A37E3002370AD /* Debug */ = {
			isa = XCBuildConfiguration;
			baseConfigurationReference = 3FE5F47A843E651E1F182CC4 /* Pods-Marvel-iOSApp-Marvel-iOSAppUITests.debug.xcconfig */;
			buildSettings = {
				ALWAYS_EMBED_SWIFT_STANDARD_LIBRARIES = YES;
				CODE_SIGN_STYLE = Automatic;
				INFOPLIST_FILE = "Marvel-iOSAppUITests/Info.plist";
				LD_RUNPATH_SEARCH_PATHS = (
					"$(inherited)",
					"@executable_path/Frameworks",
					"@loader_path/Frameworks",
				);
				PRODUCT_BUNDLE_IDENTIFIER = "com.Marvel-iOSAppUITests";
				PRODUCT_NAME = "$(TARGET_NAME)";
				SWIFT_VERSION = 5.0;
				TARGETED_DEVICE_FAMILY = "1,2";
				TEST_TARGET_NAME = "Marvel-iOSApp";
			};
			name = Debug;
		};
		D93842142B2A37E3002370AD /* Release */ = {
			isa = XCBuildConfiguration;
			baseConfigurationReference = AFB2E309F0484BA14BBEC017 /* Pods-Marvel-iOSApp-Marvel-iOSAppUITests.release.xcconfig */;
			buildSettings = {
				ALWAYS_EMBED_SWIFT_STANDARD_LIBRARIES = YES;
				CODE_SIGN_STYLE = Automatic;
				INFOPLIST_FILE = "Marvel-iOSAppUITests/Info.plist";
				LD_RUNPATH_SEARCH_PATHS = (
					"$(inherited)",
					"@executable_path/Frameworks",
					"@loader_path/Frameworks",
				);
				PRODUCT_BUNDLE_IDENTIFIER = "com.Marvel-iOSAppUITests";
				PRODUCT_NAME = "$(TARGET_NAME)";
				SWIFT_VERSION = 5.0;
				TARGETED_DEVICE_FAMILY = "1,2";
				TEST_TARGET_NAME = "Marvel-iOSApp";
			};
			name = Release;
		};
/* End XCBuildConfiguration section */

/* Begin XCConfigurationList section */
		D93841DD2B2A37E0002370AD /* Build configuration list for PBXProject "Marvel-iOSApp" */ = {
			isa = XCConfigurationList;
			buildConfigurations = (
				D938420A2B2A37E3002370AD /* Debug */,
				D938420B2B2A37E3002370AD /* Release */,
			);
			defaultConfigurationIsVisible = 0;
			defaultConfigurationName = Release;
		};
		D938420C2B2A37E3002370AD /* Build configuration list for PBXNativeTarget "Marvel-iOSApp" */ = {
			isa = XCConfigurationList;
			buildConfigurations = (
				D938420D2B2A37E3002370AD /* Debug */,
				D938420E2B2A37E3002370AD /* Release */,
			);
			defaultConfigurationIsVisible = 0;
			defaultConfigurationName = Release;
		};
		D938420F2B2A37E3002370AD /* Build configuration list for PBXNativeTarget "Marvel-iOSAppTests" */ = {
			isa = XCConfigurationList;
			buildConfigurations = (
				D93842102B2A37E3002370AD /* Debug */,
				D93842112B2A37E3002370AD /* Release */,
			);
			defaultConfigurationIsVisible = 0;
			defaultConfigurationName = Release;
		};
		D93842122B2A37E3002370AD /* Build configuration list for PBXNativeTarget "Marvel-iOSAppUITests" */ = {
			isa = XCConfigurationList;
			buildConfigurations = (
				D93842132B2A37E3002370AD /* Debug */,
				D93842142B2A37E3002370AD /* Release */,
			);
			defaultConfigurationIsVisible = 0;
			defaultConfigurationName = Release;
		};
/* End XCConfigurationList section */
	};
	rootObject = D93841DA2B2A37E0002370AD /* Project object */;
}
